
Microsoft Visual Studio Solution File, Format Version 12.00
# Visual Studio Version 17
VisualStudioVersion = 17.7.34024.191
MinimumVisualStudioVersion = 10.0.40219.1
Project("{FAE04EC0-301F-11D3-BF4B-00C04F79EFBC}") = "WebApplication1", "WebApplication1\WebApplication1.csproj", "{F2CF7A4F-90B6-42F6-92A8-8B85174E21BC}"
EndProject
Global
	GlobalSection(SolutionConfigurationPlatforms) = preSolution
		Debug|Any CPU = Debug|Any CPU
		Release|Any CPU = Release|Any CPU
	EndGlobalSection
	GlobalSection(ProjectConfigurationPlatforms) = postSolution
		{F2CF7A4F-90B6-42F6-92A8-8B85174E21BC}.Debug|Any CPU.ActiveCfg = Debug|Any CPU
		{F2CF7A4F-90B6-42F6-92A8-8B85174E21BC}.Debug|Any CPU.Build.0 = Debug|Any CPU
		{F2CF7A4F-90B6-42F6-92A8-8B85174E21BC}.Release|Any CPU.ActiveCfg = Release|Any CPU
		{F2CF7A4F-90B6-42F6-92A8-8B85174E21BC}.Release|Any CPU.Build.0 = Release|Any CPU
	EndGlobalSection
	GlobalSection(SolutionProperties) = preSolution
		HideSolutionNode = FALSE
	EndGlobalSection
	GlobalSection(ExtensibilityGlobals) = postSolution
		SolutionGuid = {953D1992-AB67-4296-A78E-A04672F4F55A}
	EndGlobalSection
EndGlobal
